
Microsoft Visual Studio Solution File, Format Version 12.00
# Visual Studio Version 17
VisualStudioVersion = 17.3.32922.545
MinimumVisualStudioVersion = 10.0.40219.1
Project("{9A19103F-16F7-4668-BE54-9A1E7A4F7556}") = "ASP_NET_CORE_MVC", "ASP_NET_CORE_MVC\ASP_NET_CORE_MVC.csproj", "{22C543D5-8526-470A-B58D-207A1CB2A183}"
EndProject
Project("{9A19103F-16F7-4668-BE54-9A1E7A4F7556}") = "MVC.Models", "MVC.Models\MVC.Models.csproj", "{48D8785E-1CC5-4D47-B158-2CE5280BF30F}"
EndProject
Project("{9A19103F-16F7-4668-BE54-9A1E7A4F7556}") = "MVC.Services", "MVC.Services\MVC.Services.csproj", "{81986CF2-4B22-4F3B-ABA1-ACE0E7D54706}"
EndProject
Project("{9A19103F-16F7-4668-BE54-9A1E7A4F7556}") = "AspNetCoreWebApiMVC", "AspNetCoreWebApiMVC\AspNetCoreWebApiMVC.csproj", "{FAE44A4C-BEC9-41B7-A622-7FBBFCFD750B}"
EndProject
Project("{2150E333-8FDC-42A3-9474-1A3956D46DE8}") = "microservicios", "microservicios", "{5990DC7A-F09B-4FBA-B8D2-5AD592BE7A45}"
EndProject
Project("{9A19103F-16F7-4668-BE54-9A1E7A4F7556}") = "WebApplicationAPI", "WebApplicationAPI\WebApplicationAPI.csproj", "{930B0C84-4DA6-4E13-B453-93FD39156D5A}"
EndProject
Project("{2150E333-8FDC-42A3-9474-1A3956D46DE8}") = "microservicios-imagenDocker", "microservicios-imagenDocker", "{FC9CCB7E-CA54-44DA-8CEE-7834F5AF05AD}"
EndProject
Project("{9A19103F-16F7-4668-BE54-9A1E7A4F7556}") = "MyMicroservice", "MyMicroservice\MyMicroservice.csproj", "{84064D8A-BA57-4BDC-8839-0A4D1581C6C7}"
EndProject
Project("{2150E333-8FDC-42A3-9474-1A3956D46DE8}") = "curso-microservicios", "curso-microservicios", "{7A012B72-D2B0-4A72-ACD3-A5D88E70D760}"
EndProject
Project("{FAE04EC0-301F-11D3-BF4B-00C04F79EFBC}") = "Productos", "Productos\Productos.csproj", "{6A491170-6CD3-4C8D-A62F-CBB7D5E04E21}"
EndProject
Global
	GlobalSection(SolutionConfigurationPlatforms) = preSolution
		Debug|Any CPU = Debug|Any CPU
		Release|Any CPU = Release|Any CPU
	EndGlobalSection
	GlobalSection(ProjectConfigurationPlatforms) = postSolution
		{22C543D5-8526-470A-B58D-207A1CB2A183}.Debug|Any CPU.ActiveCfg = Debug|Any CPU
		{22C543D5-8526-470A-B58D-207A1CB2A183}.Debug|Any CPU.Build.0 = Debug|Any CPU
		{22C543D5-8526-470A-B58D-207A1CB2A183}.Release|Any CPU.ActiveCfg = Release|Any CPU
		{22C543D5-8526-470A-B58D-207A1CB2A183}.Release|Any CPU.Build.0 = Release|Any CPU
		{48D8785E-1CC5-4D47-B158-2CE5280BF30F}.Debug|Any CPU.ActiveCfg = Debug|Any CPU
		{48D8785E-1CC5-4D47-B158-2CE5280BF30F}.Debug|Any CPU.Build.0 = Debug|Any CPU
		{48D8785E-1CC5-4D47-B158-2CE5280BF30F}.Release|Any CPU.ActiveCfg = Release|Any CPU
		{48D8785E-1CC5-4D47-B158-2CE5280BF30F}.Release|Any CPU.Build.0 = Release|Any CPU
		{81986CF2-4B22-4F3B-ABA1-ACE0E7D54706}.Debug|Any CPU.ActiveCfg = Debug|Any CPU
		{81986CF2-4B22-4F3B-ABA1-ACE0E7D54706}.Debug|Any CPU.Build.0 = Debug|Any CPU
		{81986CF2-4B22-4F3B-ABA1-ACE0E7D54706}.Release|Any CPU.ActiveCfg = Release|Any CPU
		{81986CF2-4B22-4F3B-ABA1-ACE0E7D54706}.Release|Any CPU.Build.0 = Release|Any CPU
		{FAE44A4C-BEC9-41B7-A622-7FBBFCFD750B}.Debug|Any CPU.ActiveCfg = Debug|Any CPU
		{FAE44A4C-BEC9-41B7-A622-7FBBFCFD750B}.Debug|Any CPU.Build.0 = Debug|Any CPU
		{FAE44A4C-BEC9-41B7-A622-7FBBFCFD750B}.Release|Any CPU.ActiveCfg = Release|Any CPU
		{FAE44A4C-BEC9-41B7-A622-7FBBFCFD750B}.Release|Any CPU.Build.0 = Release|Any CPU
		{930B0C84-4DA6-4E13-B453-93FD39156D5A}.Debug|Any CPU.ActiveCfg = Debug|Any CPU
		{930B0C84-4DA6-4E13-B453-93FD39156D5A}.Debug|Any CPU.Build.0 = Debug|Any CPU
		{930B0C84-4DA6-4E13-B453-93FD39156D5A}.Release|Any CPU.ActiveCfg = Release|Any CPU
		{930B0C84-4DA6-4E13-B453-93FD39156D5A}.Release|Any CPU.Build.0 = Release|Any CPU
		{84064D8A-BA57-4BDC-8839-0A4D1581C6C7}.Debug|Any CPU.ActiveCfg = Debug|Any CPU
		{84064D8A-BA57-4BDC-8839-0A4D1581C6C7}.Debug|Any CPU.Build.0 = Debug|Any CPU
		{84064D8A-BA57-4BDC-8839-0A4D1581C6C7}.Release|Any CPU.ActiveCfg = Release|Any CPU
		{84064D8A-BA57-4BDC-8839-0A4D1581C6C7}.Release|Any CPU.Build.0 = Release|Any CPU
		{6A491170-6CD3-4C8D-A62F-CBB7D5E04E21}.Debug|Any CPU.ActiveCfg = Debug|Any CPU
		{6A491170-6CD3-4C8D-A62F-CBB7D5E04E21}.Debug|Any CPU.Build.0 = Debug|Any CPU
		{6A491170-6CD3-4C8D-A62F-CBB7D5E04E21}.Release|Any CPU.ActiveCfg = Release|Any CPU
		{6A491170-6CD3-4C8D-A62F-CBB7D5E04E21}.Release|Any CPU.Build.0 = Release|Any CPU
	EndGlobalSection
	GlobalSection(SolutionProperties) = preSolution
		HideSolutionNode = FALSE
	EndGlobalSection
	GlobalSection(NestedProjects) = preSolution
		{930B0C84-4DA6-4E13-B453-93FD39156D5A} = {5990DC7A-F09B-4FBA-B8D2-5AD592BE7A45}
		{84064D8A-BA57-4BDC-8839-0A4D1581C6C7} = {FC9CCB7E-CA54-44DA-8CEE-7834F5AF05AD}
		{6A491170-6CD3-4C8D-A62F-CBB7D5E04E21} = {7A012B72-D2B0-4A72-ACD3-A5D88E70D760}
	EndGlobalSection
	GlobalSection(ExtensibilityGlobals) = postSolution
		SolutionGuid = {A583C258-6F89-4DC7-B16B-28D726C567C2}
	EndGlobalSection
EndGlobal
