
Microsoft Visual Studio Solution File, Format Version 12.00
# Visual Studio Version 17
VisualStudioVersion = 17.0.31903.59
MinimumVisualStudioVersion = 10.0.40219.1
Project("{2150E333-8FDC-42A3-9474-1A3956D46DE8}") = "01.Clients", "01.Clients", "{D26CDCC8-E28E-4C4A-A208-E72C74D22339}"
EndProject
Project("{2150E333-8FDC-42A3-9474-1A3956D46DE8}") = "02.Api.Gateways", "02.Api.Gateways", "{97854AC5-E914-44DF-8112-FA83A50343EF}"
EndProject
Project("{2150E333-8FDC-42A3-9474-1A3956D46DE8}") = "03.Services", "03.Services", "{97CBAD51-EE5C-421D-8D5F-912A42EDAB83}"
EndProject
Project("{2150E333-8FDC-42A3-9474-1A3956D46DE8}") = "01.Identity", "01.Identity", "{518D5568-6D0E-4753-9249-54F0EFCAA242}"
EndProject
Project("{2150E333-8FDC-42A3-9474-1A3956D46DE8}") = "02.Catalog", "02.Catalog", "{137E0C05-B669-41DB-ADFF-A6EAB68EEBED}"
EndProject
Project("{2150E333-8FDC-42A3-9474-1A3956D46DE8}") = "03.Customer", "03.Customer", "{48A02689-6A68-4199-BA02-7B308566DBD8}"
EndProject
Project("{2150E333-8FDC-42A3-9474-1A3956D46DE8}") = "04.Order", "04.Order", "{3701449A-CB2A-41BC-93CA-B3C5BDB71689}"
EndProject
Project("{9A19103F-16F7-4668-BE54-9A1E7A4F7556}") = "Catalog.Api", "src\Services\Catalog\Catalog.Api\Catalog.Api.csproj", "{E16AD636-85AA-49CE-A428-06077437FDB7}"
EndProject
Project("{2150E333-8FDC-42A3-9474-1A3956D46DE8}") = "01.API", "01.API", "{598622A2-7A31-406F-9757-06B9C70AD6C1}"
EndProject
Project("{2150E333-8FDC-42A3-9474-1A3956D46DE8}") = "02.Services", "02.Services", "{B5B4DDB3-E8FF-4F00-B928-500A61E672D7}"
EndProject
Project("{2150E333-8FDC-42A3-9474-1A3956D46DE8}") = "03.Persistence", "03.Persistence", "{6FF67427-165E-45F9-B3BD-8984D90091B9}"
EndProject
Project("{2150E333-8FDC-42A3-9474-1A3956D46DE8}") = "04.Models", "04.Models", "{0C2E5534-A1DB-4369-88B9-1F21092AC6C5}"
EndProject
Project("{9A19103F-16F7-4668-BE54-9A1E7A4F7556}") = "Catalog.Domain", "src\Services\Catalog\Catalog.Domain\Catalog.Domain.csproj", "{4048414B-73DE-4696-B89E-85418A329450}"
EndProject
Project("{9A19103F-16F7-4668-BE54-9A1E7A4F7556}") = "Catalog.Persistence.Database", "src\Services\Catalog\Catalog.Persistence.Database\Catalog.Persistence.Database.csproj", "{0C559557-44F2-458F-A802-BB576CA70A2A}"
EndProject
Project("{9A19103F-16F7-4668-BE54-9A1E7A4F7556}") = "CatalogServiceQueries", "src\Services\Catalog\CatalogServiceQueries\CatalogServiceQueries.csproj", "{89F2F023-96E5-4766-A425-B2548442363B}"
EndProject
Project("{2150E333-8FDC-42A3-9474-1A3956D46DE8}") = "Common", "Common", "{C507218C-5399-4B01-8FB8-73CB7D557F4C}"
EndProject
Project("{9A19103F-16F7-4668-BE54-9A1E7A4F7556}") = "Service.Common.Collection", "src\Services\Service.Common.Collection\Service.Common.Collection.csproj", "{A71D0E93-6C12-477C-ABA4-9E594802803D}"
EndProject
Project("{9A19103F-16F7-4668-BE54-9A1E7A4F7556}") = "Service.Common.Mapping", "src\Services\Service.Common.Mapping\Service.Common.Mapping.csproj", "{45F57615-8550-4280-980D-521C07567092}"
EndProject
Project("{9A19103F-16F7-4668-BE54-9A1E7A4F7556}") = "Service.Common.Paging", "src\Services\Service.Common.Paging\Service.Common.Paging.csproj", "{D884AFB5-5310-4680-9BFD-C8961A7C7A23}"
EndProject
Project("{FAE04EC0-301F-11D3-BF4B-00C04F79EFBC}") = "Catalog.Service.EventHandlers", "src\Services\Catalog\Catalog.Service.EventHandlers\Catalog.Service.EventHandlers.csproj", "{C8424F06-4136-433D-B029-A3CEB36A08DF}"
EndProject
Global
	GlobalSection(SolutionConfigurationPlatforms) = preSolution
		Debug|Any CPU = Debug|Any CPU
		Release|Any CPU = Release|Any CPU
	EndGlobalSection
	GlobalSection(ProjectConfigurationPlatforms) = postSolution
		{E16AD636-85AA-49CE-A428-06077437FDB7}.Debug|Any CPU.ActiveCfg = Debug|Any CPU
		{E16AD636-85AA-49CE-A428-06077437FDB7}.Debug|Any CPU.Build.0 = Debug|Any CPU
		{E16AD636-85AA-49CE-A428-06077437FDB7}.Release|Any CPU.ActiveCfg = Release|Any CPU
		{E16AD636-85AA-49CE-A428-06077437FDB7}.Release|Any CPU.Build.0 = Release|Any CPU
		{4048414B-73DE-4696-B89E-85418A329450}.Debug|Any CPU.ActiveCfg = Debug|Any CPU
		{4048414B-73DE-4696-B89E-85418A329450}.Debug|Any CPU.Build.0 = Debug|Any CPU
		{4048414B-73DE-4696-B89E-85418A329450}.Release|Any CPU.ActiveCfg = Release|Any CPU
		{4048414B-73DE-4696-B89E-85418A329450}.Release|Any CPU.Build.0 = Release|Any CPU
		{0C559557-44F2-458F-A802-BB576CA70A2A}.Debug|Any CPU.ActiveCfg = Debug|Any CPU
		{0C559557-44F2-458F-A802-BB576CA70A2A}.Debug|Any CPU.Build.0 = Debug|Any CPU
		{0C559557-44F2-458F-A802-BB576CA70A2A}.Release|Any CPU.ActiveCfg = Release|Any CPU
		{0C559557-44F2-458F-A802-BB576CA70A2A}.Release|Any CPU.Build.0 = Release|Any CPU
		{89F2F023-96E5-4766-A425-B2548442363B}.Debug|Any CPU.ActiveCfg = Debug|Any CPU
		{89F2F023-96E5-4766-A425-B2548442363B}.Debug|Any CPU.Build.0 = Debug|Any CPU
		{89F2F023-96E5-4766-A425-B2548442363B}.Release|Any CPU.ActiveCfg = Release|Any CPU
		{89F2F023-96E5-4766-A425-B2548442363B}.Release|Any CPU.Build.0 = Release|Any CPU
		{A71D0E93-6C12-477C-ABA4-9E594802803D}.Debug|Any CPU.ActiveCfg = Debug|Any CPU
		{A71D0E93-6C12-477C-ABA4-9E594802803D}.Debug|Any CPU.Build.0 = Debug|Any CPU
		{A71D0E93-6C12-477C-ABA4-9E594802803D}.Release|Any CPU.ActiveCfg = Release|Any CPU
		{A71D0E93-6C12-477C-ABA4-9E594802803D}.Release|Any CPU.Build.0 = Release|Any CPU
		{45F57615-8550-4280-980D-521C07567092}.Debug|Any CPU.ActiveCfg = Debug|Any CPU
		{45F57615-8550-4280-980D-521C07567092}.Debug|Any CPU.Build.0 = Debug|Any CPU
		{45F57615-8550-4280-980D-521C07567092}.Release|Any CPU.ActiveCfg = Release|Any CPU
		{45F57615-8550-4280-980D-521C07567092}.Release|Any CPU.Build.0 = Release|Any CPU
		{D884AFB5-5310-4680-9BFD-C8961A7C7A23}.Debug|Any CPU.ActiveCfg = Debug|Any CPU
		{D884AFB5-5310-4680-9BFD-C8961A7C7A23}.Debug|Any CPU.Build.0 = Debug|Any CPU
		{D884AFB5-5310-4680-9BFD-C8961A7C7A23}.Release|Any CPU.ActiveCfg = Release|Any CPU
		{D884AFB5-5310-4680-9BFD-C8961A7C7A23}.Release|Any CPU.Build.0 = Release|Any CPU
		{C8424F06-4136-433D-B029-A3CEB36A08DF}.Debug|Any CPU.ActiveCfg = Debug|Any CPU
		{C8424F06-4136-433D-B029-A3CEB36A08DF}.Debug|Any CPU.Build.0 = Debug|Any CPU
		{C8424F06-4136-433D-B029-A3CEB36A08DF}.Release|Any CPU.ActiveCfg = Release|Any CPU
		{C8424F06-4136-433D-B029-A3CEB36A08DF}.Release|Any CPU.Build.0 = Release|Any CPU
	EndGlobalSection
	GlobalSection(SolutionProperties) = preSolution
		HideSolutionNode = FALSE
	EndGlobalSection
	GlobalSection(NestedProjects) = preSolution
		{518D5568-6D0E-4753-9249-54F0EFCAA242} = {97CBAD51-EE5C-421D-8D5F-912A42EDAB83}
		{137E0C05-B669-41DB-ADFF-A6EAB68EEBED} = {97CBAD51-EE5C-421D-8D5F-912A42EDAB83}
		{48A02689-6A68-4199-BA02-7B308566DBD8} = {97CBAD51-EE5C-421D-8D5F-912A42EDAB83}
		{3701449A-CB2A-41BC-93CA-B3C5BDB71689} = {97CBAD51-EE5C-421D-8D5F-912A42EDAB83}
		{E16AD636-85AA-49CE-A428-06077437FDB7} = {598622A2-7A31-406F-9757-06B9C70AD6C1}
		{598622A2-7A31-406F-9757-06B9C70AD6C1} = {137E0C05-B669-41DB-ADFF-A6EAB68EEBED}
		{B5B4DDB3-E8FF-4F00-B928-500A61E672D7} = {137E0C05-B669-41DB-ADFF-A6EAB68EEBED}
		{6FF67427-165E-45F9-B3BD-8984D90091B9} = {137E0C05-B669-41DB-ADFF-A6EAB68EEBED}
		{0C2E5534-A1DB-4369-88B9-1F21092AC6C5} = {137E0C05-B669-41DB-ADFF-A6EAB68EEBED}
		{4048414B-73DE-4696-B89E-85418A329450} = {0C2E5534-A1DB-4369-88B9-1F21092AC6C5}
		{0C559557-44F2-458F-A802-BB576CA70A2A} = {6FF67427-165E-45F9-B3BD-8984D90091B9}
		{89F2F023-96E5-4766-A425-B2548442363B} = {B5B4DDB3-E8FF-4F00-B928-500A61E672D7}
		{C507218C-5399-4B01-8FB8-73CB7D557F4C} = {97CBAD51-EE5C-421D-8D5F-912A42EDAB83}
		{A71D0E93-6C12-477C-ABA4-9E594802803D} = {C507218C-5399-4B01-8FB8-73CB7D557F4C}
		{45F57615-8550-4280-980D-521C07567092} = {C507218C-5399-4B01-8FB8-73CB7D557F4C}
		{D884AFB5-5310-4680-9BFD-C8961A7C7A23} = {C507218C-5399-4B01-8FB8-73CB7D557F4C}
		{C8424F06-4136-433D-B029-A3CEB36A08DF} = {B5B4DDB3-E8FF-4F00-B928-500A61E672D7}
	EndGlobalSection
	GlobalSection(ExtensibilityGlobals) = postSolution
		SolutionGuid = {F473820E-CF92-4E4B-8202-92D8AFA4DF99}
	EndGlobalSection
EndGlobal
